// !$*UTF8*$!
{
	archiveVersion = 1;
	classes = {
	};
	objectVersion = 46;
	objects = {

/* Begin PBXBuildFile section */
		6177A5D81B07949D006C1661 /* AppDelegate.swift in Sources */ = {isa = PBXBuildFile; fileRef = 6177A5D71B07949D006C1661 /* AppDelegate.swift */; };
		6177A5DB1B07949D006C1661 /* Secure_your_Iphone.xcdatamodeld in Sources */ = {isa = PBXBuildFile; fileRef = 6177A5D91B07949D006C1661 /* Secure_your_Iphone.xcdatamodeld */; };
		6177A5DD1B07949D006C1661 /* HomeScreen.swift in Sources */ = {isa = PBXBuildFile; fileRef = 6177A5DC1B07949D006C1661 /* HomeScreen.swift */; };
		6177A5E01B07949D006C1661 /* Main.storyboard in Resources */ = {isa = PBXBuildFile; fileRef = 6177A5DE1B07949D006C1661 /* Main.storyboard */; };
		6177A5E21B07949D006C1661 /* Images.xcassets in Resources */ = {isa = PBXBuildFile; fileRef = 6177A5E11B07949D006C1661 /* Images.xcassets */; };
		6177A5E51B07949D006C1661 /* LaunchScreen.xib in Resources */ = {isa = PBXBuildFile; fileRef = 6177A5E31B07949D006C1661 /* LaunchScreen.xib */; };
		6177A5FB1B079F28006C1661 /* Accelerometer.swift in Sources */ = {isa = PBXBuildFile; fileRef = 6177A5FA1B079F28006C1661 /* Accelerometer.swift */; };
		6177A5FD1B07CA63006C1661 /* loginScreen.swift in Sources */ = {isa = PBXBuildFile; fileRef = 6177A5FC1B07CA63006C1661 /* loginScreen.swift */; };
		6177A5FF1B07CC07006C1661 /* ed8f8adda94551f3dc11064577a33a84.jpg in Resources */ = {isa = PBXBuildFile; fileRef = 6177A5FE1B07CC07006C1661 /* ed8f8adda94551f3dc11064577a33a84.jpg */; };
		6177A6011B07CCE4006C1661 /* os-x-10-10-yosemite-valley.jpg in Resources */ = {isa = PBXBuildFile; fileRef = 6177A6001B07CCE4006C1661 /* os-x-10-10-yosemite-valley.jpg */; };
		6177A6051B07E1D7006C1661 /* SignUpScreen.swift in Sources */ = {isa = PBXBuildFile; fileRef = 6177A6041B07E1D7006C1661 /* SignUpScreen.swift */; };
		6177A7141B08916D006C1661 /* Accounts.framework in Frameworks */ = {isa = PBXBuildFile; fileRef = 6177A7131B08916D006C1661 /* Accounts.framework */; };
		6177A7161B089174006C1661 /* AudioToolbox.framework in Frameworks */ = {isa = PBXBuildFile; fileRef = 6177A7151B089174006C1661 /* AudioToolbox.framework */; };
		6177A7181B08917A006C1661 /* CFNetwork.framework in Frameworks */ = {isa = PBXBuildFile; fileRef = 6177A7171B08917A006C1661 /* CFNetwork.framework */; };
		6177A71A1B089181006C1661 /* CoreGraphics.framework in Frameworks */ = {isa = PBXBuildFile; fileRef = 6177A7191B089181006C1661 /* CoreGraphics.framework */; };
		6177A71C1B089188006C1661 /* CoreLocation.framework in Frameworks */ = {isa = PBXBuildFile; fileRef = 6177A71B1B089188006C1661 /* CoreLocation.framework */; };
		6177A71E1B089190006C1661 /* MobileCoreServices.framework in Frameworks */ = {isa = PBXBuildFile; fileRef = 6177A71D1B089190006C1661 /* MobileCoreServices.framework */; };
		6177A7201B089197006C1661 /* QuartzCore.framework in Frameworks */ = {isa = PBXBuildFile; fileRef = 6177A71F1B089197006C1661 /* QuartzCore.framework */; };
		6177A7221B08919E006C1661 /* Security.framework in Frameworks */ = {isa = PBXBuildFile; fileRef = 6177A7211B08919E006C1661 /* Security.framework */; };
		6177A7241B0891A4006C1661 /* Social.framework in Frameworks */ = {isa = PBXBuildFile; fileRef = 6177A7231B0891A4006C1661 /* Social.framework */; };
		6177A7261B0891AA006C1661 /* StoreKit.framework in Frameworks */ = {isa = PBXBuildFile; fileRef = 6177A7251B0891AA006C1661 /* StoreKit.framework */; };
		6177A7281B0891B3006C1661 /* SystemConfiguration.framework in Frameworks */ = {isa = PBXBuildFile; fileRef = 6177A7271B0891B3006C1661 /* SystemConfiguration.framework */; };
		6177A72A1B0891BA006C1661 /* libz.dylib in Frameworks */ = {isa = PBXBuildFile; fileRef = 6177A7291B0891BA006C1661 /* libz.dylib */; };
		6177A72C1B0891C4006C1661 /* libsqlite3.dylib in Frameworks */ = {isa = PBXBuildFile; fileRef = 6177A72B1B0891C4006C1661 /* libsqlite3.dylib */; };
		6177A7331B0891ED006C1661 /* Bolts.framework in Frameworks */ = {isa = PBXBuildFile; fileRef = 6177A72D1B0891ED006C1661 /* Bolts.framework */; };
		6177A7341B0891ED006C1661 /* Parse.framework in Frameworks */ = {isa = PBXBuildFile; fileRef = 6177A72E1B0891ED006C1661 /* Parse.framework */; };
		6177A7351B0891ED006C1661 /* ParseCrashReporting.framework in Frameworks */ = {isa = PBXBuildFile; fileRef = 6177A72F1B0891ED006C1661 /* ParseCrashReporting.framework */; };
		6177A7361B0891ED006C1661 /* ParseFacebookUtils.framework in Frameworks */ = {isa = PBXBuildFile; fileRef = 6177A7301B0891ED006C1661 /* ParseFacebookUtils.framework */; };
		6177A7371B0891ED006C1661 /* ParseFacebookUtilsV4.framework in Frameworks */ = {isa = PBXBuildFile; fileRef = 6177A7311B0891ED006C1661 /* ParseFacebookUtilsV4.framework */; };
		6177A7381B0891ED006C1661 /* ParseUI.framework in Frameworks */ = {isa = PBXBuildFile; fileRef = 6177A7321B0891ED006C1661 /* ParseUI.framework */; };
		6177A73C1B08951C006C1661 /* Bridging header.m in Sources */ = {isa = PBXBuildFile; fileRef = 6177A73B1B08951C006C1661 /* Bridging header.m */; };
		6177A7421B08FA2A006C1661 /* images-6.jpeg in Resources */ = {isa = PBXBuildFile; fileRef = 6177A7411B08FA2A006C1661 /* images-6.jpeg */; };
/* End PBXBuildFile section */

/* Begin PBXFileReference section */
		6177A5D21B07949D006C1661 /* Secure your Iphone.app */ = {isa = PBXFileReference; explicitFileType = wrapper.application; includeInIndex = 0; path = "Secure your Iphone.app"; sourceTree = BUILT_PRODUCTS_DIR; };
		6177A5D61B07949D006C1661 /* Info.plist */ = {isa = PBXFileReference; lastKnownFileType = text.plist.xml; path = Info.plist; sourceTree = "<group>"; };
		6177A5D71B07949D006C1661 /* AppDelegate.swift */ = {isa = PBXFileReference; lastKnownFileType = sourcecode.swift; path = AppDelegate.swift; sourceTree = "<group>"; };
		6177A5DA1B07949D006C1661 /* Secure_your_Iphone.xcdatamodel */ = {isa = PBXFileReference; lastKnownFileType = wrapper.xcdatamodel; path = Secure_your_Iphone.xcdatamodel; sourceTree = "<group>"; };
		6177A5DC1B07949D006C1661 /* HomeScreen.swift */ = {isa = PBXFileReference; lastKnownFileType = sourcecode.swift; path = HomeScreen.swift; sourceTree = "<group>"; };
		6177A5DF1B07949D006C1661 /* Base */ = {isa = PBXFileReference; lastKnownFileType = file.storyboard; name = Base; path = Base.lproj/Main.storyboard; sourceTree = "<group>"; };
		6177A5E11B07949D006C1661 /* Images.xcassets */ = {isa = PBXFileReference; lastKnownFileType = folder.assetcatalog; path = Images.xcassets; sourceTree = "<group>"; };
		6177A5E41B07949D006C1661 /* Base */ = {isa = PBXFileReference; lastKnownFileType = file.xib; name = Base; path = Base.lproj/LaunchScreen.xib; sourceTree = "<group>"; };
		6177A5EF1B07949D006C1661 /* Info.plist */ = {isa = PBXFileReference; lastKnownFileType = text.plist.xml; path = Info.plist; sourceTree = "<group>"; };
		6177A5F01B07949D006C1661 /* Secure_your_IphoneTests.swift */ = {isa = PBXFileReference; lastKnownFileType = sourcecode.swift; path = Secure_your_IphoneTests.swift; sourceTree = "<group>"; };
		6177A5FA1B079F28006C1661 /* Accelerometer.swift */ = {isa = PBXFileReference; fileEncoding = 4; lastKnownFileType = sourcecode.swift; path = Accelerometer.swift; sourceTree = "<group>"; };
		6177A5FC1B07CA63006C1661 /* loginScreen.swift */ = {isa = PBXFileReference; fileEncoding = 4; lastKnownFileType = sourcecode.swift; path = loginScreen.swift; sourceTree = "<group>"; };
		6177A5FE1B07CC07006C1661 /* ed8f8adda94551f3dc11064577a33a84.jpg */ = {isa = PBXFileReference; lastKnownFileType = image.jpeg; path = ed8f8adda94551f3dc11064577a33a84.jpg; sourceTree = "<group>"; };
		6177A6001B07CCE4006C1661 /* os-x-10-10-yosemite-valley.jpg */ = {isa = PBXFileReference; lastKnownFileType = image.jpeg; path = "os-x-10-10-yosemite-valley.jpg"; sourceTree = "<group>"; };
		6177A6041B07E1D7006C1661 /* SignUpScreen.swift */ = {isa = PBXFileReference; fileEncoding = 4; lastKnownFileType = sourcecode.swift; path = SignUpScreen.swift; sourceTree = "<group>"; };
		6177A6C71B07F871006C1661 /* Bolts.framework */ = {isa = PBXFileReference; lastKnownFileType = wrapper.framework; path = Bolts.framework; sourceTree = "<group>"; };
		6177A6C81B07F871006C1661 /* Parse.framework */ = {isa = PBXFileReference; lastKnownFileType = wrapper.framework; path = Parse.framework; sourceTree = "<group>"; };
		6177A6C91B07F871006C1661 /* ParseCrashReporting.framework */ = {isa = PBXFileReference; lastKnownFileType = wrapper.framework; path = ParseCrashReporting.framework; sourceTree = "<group>"; };
		6177A6CA1B07F871006C1661 /* ParseFacebookUtils.framework */ = {isa = PBXFileReference; lastKnownFileType = wrapper.framework; path = ParseFacebookUtils.framework; sourceTree = "<group>"; };
		6177A6CB1B07F871006C1661 /* ParseFacebookUtilsV4.framework */ = {isa = PBXFileReference; lastKnownFileType = wrapper.framework; path = ParseFacebookUtilsV4.framework; sourceTree = "<group>"; };
		6177A6CC1B07F871006C1661 /* ParseUI.framework */ = {isa = PBXFileReference; lastKnownFileType = wrapper.framework; path = ParseUI.framework; sourceTree = "<group>"; };
		6177A7131B08916D006C1661 /* Accounts.framework */ = {isa = PBXFileReference; lastKnownFileType = wrapper.framework; name = Accounts.framework; path = System/Library/Frameworks/Accounts.framework; sourceTree = SDKROOT; };
		6177A7151B089174006C1661 /* AudioToolbox.framework */ = {isa = PBXFileReference; lastKnownFileType = wrapper.framework; name = AudioToolbox.framework; path = System/Library/Frameworks/AudioToolbox.framework; sourceTree = SDKROOT; };
		6177A7171B08917A006C1661 /* CFNetwork.framework */ = {isa = PBXFileReference; lastKnownFileType = wrapper.framework; name = CFNetwork.framework; path = System/Library/Frameworks/CFNetwork.framework; sourceTree = SDKROOT; };
		6177A7191B089181006C1661 /* CoreGraphics.framework */ = {isa = PBXFileReference; lastKnownFileType = wrapper.framework; name = CoreGraphics.framework; path = System/Library/Frameworks/CoreGraphics.framework; sourceTree = SDKROOT; };
		6177A71B1B089188006C1661 /* CoreLocation.framework */ = {isa = PBXFileReference; lastKnownFileType = wrapper.framework; name = CoreLocation.framework; path = System/Library/Frameworks/CoreLocation.framework; sourceTree = SDKROOT; };
		6177A71D1B089190006C1661 /* MobileCoreServices.framework */ = {isa = PBXFileReference; lastKnownFileType = wrapper.framework; name = MobileCoreServices.framework; path = System/Library/Frameworks/MobileCoreServices.framework; sourceTree = SDKROOT; };
		6177A71F1B089197006C1661 /* QuartzCore.framework */ = {isa = PBXFileReference; lastKnownFileType = wrapper.framework; name = QuartzCore.framework; path = System/Library/Frameworks/QuartzCore.framework; sourceTree = SDKROOT; };
		6177A7211B08919E006C1661 /* Security.framework */ = {isa = PBXFileReference; lastKnownFileType = wrapper.framework; name = Security.framework; path = System/Library/Frameworks/Security.framework; sourceTree = SDKROOT; };
		6177A7231B0891A4006C1661 /* Social.framework */ = {isa = PBXFileReference; lastKnownFileType = wrapper.framework; name = Social.framework; path = System/Library/Frameworks/Social.framework; sourceTree = SDKROOT; };
		6177A7251B0891AA006C1661 /* StoreKit.framework */ = {isa = PBXFileReference; lastKnownFileType = wrapper.framework; name = StoreKit.framework; path = System/Library/Frameworks/StoreKit.framework; sourceTree = SDKROOT; };
		6177A7271B0891B3006C1661 /* SystemConfiguration.framework */ = {isa = PBXFileReference; lastKnownFileType = wrapper.framework; name = SystemConfiguration.framework; path = System/Library/Frameworks/SystemConfiguration.framework; sourceTree = SDKROOT; };
		6177A7291B0891BA006C1661 /* libz.dylib */ = {isa = PBXFileReference; lastKnownFileType = "compiled.mach-o.dylib"; name = libz.dylib; path = usr/lib/libz.dylib; sourceTree = SDKROOT; };
		6177A72B1B0891C4006C1661 /* libsqlite3.dylib */ = {isa = PBXFileReference; lastKnownFileType = "compiled.mach-o.dylib"; name = libsqlite3.dylib; path = usr/lib/libsqlite3.dylib; sourceTree = SDKROOT; };
		6177A72D1B0891ED006C1661 /* Bolts.framework */ = {isa = PBXFileReference; lastKnownFileType = wrapper.framework; name = Bolts.framework; path = ../Bolts.framework; sourceTree = "<group>"; };
		6177A72E1B0891ED006C1661 /* Parse.framework */ = {isa = PBXFileReference; lastKnownFileType = wrapper.framework; name = Parse.framework; path = ../Parse.framework; sourceTree = "<group>"; };
		6177A72F1B0891ED006C1661 /* ParseCrashReporting.framework */ = {isa = PBXFileReference; lastKnownFileType = wrapper.framework; name = ParseCrashReporting.framework; path = ../ParseCrashReporting.framework; sourceTree = "<group>"; };
		6177A7301B0891ED006C1661 /* ParseFacebookUtils.framework */ = {isa = PBXFileReference; lastKnownFileType = wrapper.framework; name = ParseFacebookUtils.framework; path = ../ParseFacebookUtils.framework; sourceTree = "<group>"; };
		6177A7311B0891ED006C1661 /* ParseFacebookUtilsV4.framework */ = {isa = PBXFileReference; lastKnownFileType = wrapper.framework; name = ParseFacebookUtilsV4.framework; path = ../ParseFacebookUtilsV4.framework; sourceTree = "<group>"; };
		6177A7321B0891ED006C1661 /* ParseUI.framework */ = {isa = PBXFileReference; lastKnownFileType = wrapper.framework; name = ParseUI.framework; path = ../ParseUI.framework; sourceTree = "<group>"; };
		6177A73A1B08951B006C1661 /* Secure your Iphone-Bridging-Header.h */ = {isa = PBXFileReference; lastKnownFileType = sourcecode.c.h; path = "Secure your Iphone-Bridging-Header.h"; sourceTree = "<group>"; };
		6177A73B1B08951C006C1661 /* Bridging header.m */ = {isa = PBXFileReference; fileEncoding = 4; lastKnownFileType = sourcecode.c.objc; path = "Bridging header.m"; sourceTree = "<group>"; };
		6177A7411B08FA2A006C1661 /* images-6.jpeg */ = {isa = PBXFileReference; lastKnownFileType = image.jpeg; path = "images-6.jpeg"; sourceTree = "<group>"; };
/* End PBXFileReference section */

/* Begin PBXFrameworksBuildPhase section */
		6177A5CF1B07949D006C1661 /* Frameworks */ = {
			isa = PBXFrameworksBuildPhase;
			buildActionMask = 2147483647;
			files = (
				6177A72C1B0891C4006C1661 /* libsqlite3.dylib in Frameworks */,
				6177A72A1B0891BA006C1661 /* libz.dylib in Frameworks */,
				6177A7281B0891B3006C1661 /* SystemConfiguration.framework in Frameworks */,
				6177A7261B0891AA006C1661 /* StoreKit.framework in Frameworks */,
				6177A7341B0891ED006C1661 /* Parse.framework in Frameworks */,
				6177A7361B0891ED006C1661 /* ParseFacebookUtils.framework in Frameworks */,
				6177A7241B0891A4006C1661 /* Social.framework in Frameworks */,
				6177A7221B08919E006C1661 /* Security.framework in Frameworks */,
				6177A7201B089197006C1661 /* QuartzCore.framework in Frameworks */,
				6177A71E1B089190006C1661 /* MobileCoreServices.framework in Frameworks */,
				6177A7381B0891ED006C1661 /* ParseUI.framework in Frameworks */,
				6177A71C1B089188006C1661 /* CoreLocation.framework in Frameworks */,
				6177A71A1B089181006C1661 /* CoreGraphics.framework in Frameworks */,
				6177A7181B08917A006C1661 /* CFNetwork.framework in Frameworks */,
				6177A7161B089174006C1661 /* AudioToolbox.framework in Frameworks */,
				6177A7371B0891ED006C1661 /* ParseFacebookUtilsV4.framework in Frameworks */,
				6177A7141B08916D006C1661 /* Accounts.framework in Frameworks */,
				6177A7331B0891ED006C1661 /* Bolts.framework in Frameworks */,
				6177A7351B0891ED006C1661 /* ParseCrashReporting.framework in Frameworks */,
			);
			runOnlyForDeploymentPostprocessing = 0;
		};
/* End PBXFrameworksBuildPhase section */

/* Begin PBXGroup section */
		6177A5C91B07949D006C1661 = {
			isa = PBXGroup;
			children = (
				6177A7391B0891FE006C1661 /* Frameworks */,
				6177A5D41B07949D006C1661 /* Secure your Iphone */,
				6177A5ED1B07949D006C1661 /* Secure your IphoneTests */,
				6177A5D31B07949D006C1661 /* Products */,
			);
			sourceTree = "<group>";
		};
		6177A5D31B07949D006C1661 /* Products */ = {
			isa = PBXGroup;
			children = (
				6177A5D21B07949D006C1661 /* Secure your Iphone.app */,
			);
			name = Products;
			sourceTree = "<group>";
		};
		6177A5D41B07949D006C1661 /* Secure your Iphone */ = {
			isa = PBXGroup;
			children = (
				6177A5D71B07949D006C1661 /* AppDelegate.swift */,
				6177A5DC1B07949D006C1661 /* HomeScreen.swift */,
				6177A5FA1B079F28006C1661 /* Accelerometer.swift */,
				6177A5FC1B07CA63006C1661 /* loginScreen.swift */,
				6177A6041B07E1D7006C1661 /* SignUpScreen.swift */,
				6177A73B1B08951C006C1661 /* Bridging header.m */,
				6177A5DE1B07949D006C1661 /* Main.storyboard */,
				6177A5E11B07949D006C1661 /* Images.xcassets */,
				6177A5E31B07949D006C1661 /* LaunchScreen.xib */,
				6177A5D91B07949D006C1661 /* Secure_your_Iphone.xcdatamodeld */,
				6177A5D51B07949D006C1661 /* Supporting Files */,
				6177A73A1B08951B006C1661 /* Secure your Iphone-Bridging-Header.h */,
			);
			path = "Secure your Iphone";
			sourceTree = "<group>";
		};
		6177A5D51B07949D006C1661 /* Supporting Files */ = {
			isa = PBXGroup;
			children = (
				6177A7411B08FA2A006C1661 /* images-6.jpeg */,
				6177A6C61B07F850006C1661 /* Frameworks */,
				6177A5D61B07949D006C1661 /* Info.plist */,
				6177A5FE1B07CC07006C1661 /* ed8f8adda94551f3dc11064577a33a84.jpg */,
				6177A6001B07CCE4006C1661 /* os-x-10-10-yosemite-valley.jpg */,
			);
			name = "Supporting Files";
			sourceTree = "<group>";
		};
		6177A5ED1B07949D006C1661 /* Secure your IphoneTests */ = {
			isa = PBXGroup;
			children = (
				6177A5F01B07949D006C1661 /* Secure_your_IphoneTests.swift */,
				6177A5EE1B07949D006C1661 /* Supporting Files */,
			);
			path = "Secure your IphoneTests";
			sourceTree = "<group>";
		};
		6177A5EE1B07949D006C1661 /* Supporting Files */ = {
			isa = PBXGroup;
			children = (
				6177A5EF1B07949D006C1661 /* Info.plist */,
			);
			name = "Supporting Files";
			sourceTree = "<group>";
		};
		6177A6C61B07F850006C1661 /* Frameworks */ = {
			isa = PBXGroup;
			children = (
				6177A6C71B07F871006C1661 /* Bolts.framework */,
				6177A6C81B07F871006C1661 /* Parse.framework */,
				6177A6C91B07F871006C1661 /* ParseCrashReporting.framework */,
				6177A6CA1B07F871006C1661 /* ParseFacebookUtils.framework */,
				6177A6CB1B07F871006C1661 /* ParseFacebookUtilsV4.framework */,
				6177A6CC1B07F871006C1661 /* ParseUI.framework */,
			);
			name = Frameworks;
			sourceTree = "<group>";
		};
		6177A7391B0891FE006C1661 /* Frameworks */ = {
			isa = PBXGroup;
			children = (
				6177A72D1B0891ED006C1661 /* Bolts.framework */,
				6177A72E1B0891ED006C1661 /* Parse.framework */,
				6177A72F1B0891ED006C1661 /* ParseCrashReporting.framework */,
				6177A7301B0891ED006C1661 /* ParseFacebookUtils.framework */,
				6177A7311B0891ED006C1661 /* ParseFacebookUtilsV4.framework */,
				6177A7321B0891ED006C1661 /* ParseUI.framework */,
				6177A72B1B0891C4006C1661 /* libsqlite3.dylib */,
				6177A7291B0891BA006C1661 /* libz.dylib */,
				6177A7271B0891B3006C1661 /* SystemConfiguration.framework */,
				6177A7251B0891AA006C1661 /* StoreKit.framework */,
				6177A7231B0891A4006C1661 /* Social.framework */,
				6177A7211B08919E006C1661 /* Security.framework */,
				6177A71F1B089197006C1661 /* QuartzCore.framework */,
				6177A71D1B089190006C1661 /* MobileCoreServices.framework */,
				6177A71B1B089188006C1661 /* CoreLocation.framework */,
				6177A7191B089181006C1661 /* CoreGraphics.framework */,
				6177A7171B08917A006C1661 /* CFNetwork.framework */,
				6177A7151B089174006C1661 /* AudioToolbox.framework */,
				6177A7131B08916D006C1661 /* Accounts.framework */,
			);
			name = Frameworks;
			path = "Secure your Iphone";
			sourceTree = "<group>";
		};
/* End PBXGroup section */

/* Begin PBXNativeTarget section */
		6177A5D11B07949D006C1661 /* Secure your Iphone */ = {
			isa = PBXNativeTarget;
			buildConfigurationList = 6177A5F41B07949D006C1661 /* Build configuration list for PBXNativeTarget "Secure your Iphone" */;
			buildPhases = (
				6177A5CE1B07949D006C1661 /* Sources */,
				6177A5CF1B07949D006C1661 /* Frameworks */,
				6177A5D01B07949D006C1661 /* Resources */,
			);
			buildRules = (
			);
			dependencies = (
			);
			name = "Secure your Iphone";
			productName = "Secure your Iphone";
			productReference = 6177A5D21B07949D006C1661 /* Secure your Iphone.app */;
			productType = "com.apple.product-type.application";
		};
/* End PBXNativeTarget section */

/* Begin PBXProject section */
		6177A5CA1B07949D006C1661 /* Project object */ = {
			isa = PBXProject;
			attributes = {
				LastUpgradeCheck = 0630;
				ORGANIZATIONNAME = "Janus Broch Mols";
				TargetAttributes = {
					6177A5D11B07949D006C1661 = {
						CreatedOnToolsVersion = 6.3.1;
					};
				};
			};
			buildConfigurationList = 6177A5CD1B07949D006C1661 /* Build configuration list for PBXProject "Secure your Iphone" */;
			compatibilityVersion = "Xcode 3.2";
			developmentRegion = English;
			hasScannedForEncodings = 0;
			knownRegions = (
				en,
				Base,
			);
			mainGroup = 6177A5C91B07949D006C1661;
			productRefGroup = 6177A5D31B07949D006C1661 /* Products */;
			projectDirPath = "";
			projectRoot = "";
			targets = (
				6177A5D11B07949D006C1661 /* Secure your Iphone */,
			);
		};
/* End PBXProject section */

/* Begin PBXResourcesBuildPhase section */
		6177A5D01B07949D006C1661 /* Resources */ = {
			isa = PBXResourcesBuildPhase;
			buildActionMask = 2147483647;
			files = (
				6177A5E01B07949D006C1661 /* Main.storyboard in Resources */,
				6177A6011B07CCE4006C1661 /* os-x-10-10-yosemite-valley.jpg in Resources */,
				6177A5E51B07949D006C1661 /* LaunchScreen.xib in Resources */,
				6177A5E21B07949D006C1661 /* Images.xcassets in Resources */,
				6177A7421B08FA2A006C1661 /* images-6.jpeg in Resources */,
				6177A5FF1B07CC07006C1661 /* ed8f8adda94551f3dc11064577a33a84.jpg in Resources */,
			);
			runOnlyForDeploymentPostprocessing = 0;
		};
/* End PBXResourcesBuildPhase section */

/* Begin PBXSourcesBuildPhase section */
		6177A5CE1B07949D006C1661 /* Sources */ = {
			isa = PBXSourcesBuildPhase;
			buildActionMask = 2147483647;
			files = (
				6177A5DD1B07949D006C1661 /* HomeScreen.swift in Sources */,
				6177A5FB1B079F28006C1661 /* Accelerometer.swift in Sources */,
				6177A5DB1B07949D006C1661 /* Secure_your_Iphone.xcdatamodeld in Sources */,
				6177A5D81B07949D006C1661 /* AppDelegate.swift in Sources */,
				6177A5FD1B07CA63006C1661 /* loginScreen.swift in Sources */,
				6177A73C1B08951C006C1661 /* Bridging header.m in Sources */,
				6177A6051B07E1D7006C1661 /* SignUpScreen.swift in Sources */,
			);
			runOnlyForDeploymentPostprocessing = 0;
		};
/* End PBXSourcesBuildPhase section */

/* Begin PBXVariantGroup section */
		6177A5DE1B07949D006C1661 /* Main.storyboard */ = {
			isa = PBXVariantGroup;
			children = (
				6177A5DF1B07949D006C1661 /* Base */,
			);
			name = Main.storyboard;
			sourceTree = "<group>";
		};
		6177A5E31B07949D006C1661 /* LaunchScreen.xib */ = {
			isa = PBXVariantGroup;
			children = (
				6177A5E41B07949D006C1661 /* Base */,
			);
			name = LaunchScreen.xib;
			sourceTree = "<group>";
		};
/* End PBXVariantGroup section */

/* Begin XCBuildConfiguration section */
		6177A5F21B07949D006C1661 /* Debug */ = {
			isa = XCBuildConfiguration;
			buildSettings = {
				ALWAYS_SEARCH_USER_PATHS = NO;
				CLANG_CXX_LANGUAGE_STANDARD = "gnu++0x";
				CLANG_CXX_LIBRARY = "libc++";
				CLANG_ENABLE_MODULES = YES;
				CLANG_ENABLE_OBJC_ARC = YES;
				CLANG_WARN_BOOL_CONVERSION = YES;
				CLANG_WARN_CONSTANT_CONVERSION = YES;
				CLANG_WARN_DIRECT_OBJC_ISA_USAGE = YES_ERROR;
				CLANG_WARN_EMPTY_BODY = YES;
				CLANG_WARN_ENUM_CONVERSION = YES;
				CLANG_WARN_INT_CONVERSION = YES;
				CLANG_WARN_OBJC_ROOT_CLASS = YES_ERROR;
				CLANG_WARN_UNREACHABLE_CODE = YES;
				CLANG_WARN__DUPLICATE_METHOD_MATCH = YES;
				"CODE_SIGN_IDENTITY[sdk=iphoneos*]" = "iPhone Developer";
				COPY_PHASE_STRIP = NO;
				DEBUG_INFORMATION_FORMAT = "dwarf-with-dsym";
				ENABLE_STRICT_OBJC_MSGSEND = YES;
				GCC_C_LANGUAGE_STANDARD = gnu99;
				GCC_DYNAMIC_NO_PIC = NO;
				GCC_NO_COMMON_BLOCKS = YES;
				GCC_OPTIMIZATION_LEVEL = 0;
				GCC_PREPROCESSOR_DEFINITIONS = (
					"DEBUG=1",
					"$(inherited)",
				);
				GCC_SYMBOLS_PRIVATE_EXTERN = NO;
				GCC_WARN_64_TO_32_BIT_CONVERSION = YES;
				GCC_WARN_ABOUT_RETURN_TYPE = YES_ERROR;
				GCC_WARN_UNDECLARED_SELECTOR = YES;
				GCC_WARN_UNINITIALIZED_AUTOS = YES_AGGRESSIVE;
				GCC_WARN_UNUSED_FUNCTION = YES;
				GCC_WARN_UNUSED_VARIABLE = YES;
				IPHONEOS_DEPLOYMENT_TARGET = 8.3;
				MTL_ENABLE_DEBUG_INFO = YES;
				ONLY_ACTIVE_ARCH = YES;
				SDKROOT = iphoneos;
				SWIFT_OBJC_BRIDGING_HEADER = "/Users/janusbrochmols/Desktop/Xcode projekter/Secure your Iphone/Secure your Iphone/Secure your Iphone-Bridging-Header.h";
				SWIFT_OPTIMIZATION_LEVEL = "-Onone";
				"SWIFT_OPTIMIZATION_LEVEL[arch=*]" = "-Onone";
				TARGETED_DEVICE_FAMILY = "1,2";
			};
			name = Debug;
		};
		6177A5F31B07949D006C1661 /* Release */ = {
			isa = XCBuildConfiguration;
			buildSettings = {
				ALWAYS_SEARCH_USER_PATHS = NO;
				CLANG_CXX_LANGUAGE_STANDARD = "gnu++0x";
				CLANG_CXX_LIBRARY = "libc++";
				CLANG_ENABLE_MODULES = YES;
				CLANG_ENABLE_OBJC_ARC = YES;
				CLANG_WARN_BOOL_CONVERSION = YES;
				CLANG_WARN_CONSTANT_CONVERSION = YES;
				CLANG_WARN_DIRECT_OBJC_ISA_USAGE = YES_ERROR;
				CLANG_WARN_EMPTY_BODY = YES;
				CLANG_WARN_ENUM_CONVERSION = YES;
				CLANG_WARN_INT_CONVERSION = YES;
				CLANG_WARN_OBJC_ROOT_CLASS = YES_ERROR;
				CLANG_WARN_UNREACHABLE_CODE = YES;
				CLANG_WARN__DUPLICATE_METHOD_MATCH = YES;
				"CODE_SIGN_IDENTITY[sdk=iphoneos*]" = "iPhone Developer";
				COPY_PHASE_STRIP = NO;
				DEBUG_INFORMATION_FORMAT = "dwarf-with-dsym";
				ENABLE_NS_ASSERTIONS = NO;
				ENABLE_STRICT_OBJC_MSGSEND = YES;
				GCC_C_LANGUAGE_STANDARD = gnu99;
				GCC_NO_COMMON_BLOCKS = YES;
				GCC_WARN_64_TO_32_BIT_CONVERSION = YES;
				GCC_WARN_ABOUT_RETURN_TYPE = YES_ERROR;
				GCC_WARN_UNDECLARED_SELECTOR = YES;
				GCC_WARN_UNINITIALIZED_AUTOS = YES_AGGRESSIVE;
				GCC_WARN_UNUSED_FUNCTION = YES;
				GCC_WARN_UNUSED_VARIABLE = YES;
				IPHONEOS_DEPLOYMENT_TARGET = 8.3;
				MTL_ENABLE_DEBUG_INFO = NO;
				SDKROOT = iphoneos;
				SWIFT_OBJC_BRIDGING_HEADER = "/Users/janusbrochmols/Desktop/Xcode projekter/Secure your Iphone/Secure your Iphone/Secure your Iphone-Bridging-Header.h";
				TARGETED_DEVICE_FAMILY = "1,2";
				VALIDATE_PRODUCT = YES;
			};
			name = Release;
		};
		6177A5F51B07949D006C1661 /* Debug */ = {
			isa = XCBuildConfiguration;
			buildSettings = {
				ASSETCATALOG_COMPILER_APPICON_NAME = AppIcon;
				CLANG_ENABLE_MODULES = YES;
				FRAMEWORK_SEARCH_PATHS = (
					"$(inherited)",
					"$(PROJECT_DIR)/Secure",
					your,
					"Iphone/parse-library-1-2",
					"$(PROJECT_DIR)",
					"$(PROJECT_DIR)/Secure",
					your,
					"Iphone/parse-library",
					"/Users/janusbrochmols/Downloads/parse-library-1-3",
					"$(PROJECT_DIR)/Secure",
					your,
					"Iphone/parse-library-1-3",
					"$(PROJECT_DIR)/Secure",
					your,
					Iphone,
				);
				INFOPLIST_FILE = "Secure your Iphone/Info.plist";
				LD_RUNPATH_SEARCH_PATHS = "$(inherited) @executable_path/Frameworks";
				LIBRARY_SEARCH_PATHS = (
					"$(inherited)",
					"$(PROJECT_DIR)",
					"$(PROJECT_DIR)/Secure",
					your,
					Iphone,
				);
				PRODUCT_NAME = "$(TARGET_NAME)";
				SWIFT_OBJC_BRIDGING_HEADER = "Secure your Iphone/Secure your Iphone-Bridging-Header.h";
				SWIFT_OPTIMIZATION_LEVEL = "-Onone";
			};
			name = Debug;
		};
		6177A5F61B07949D006C1661 /* Release */ = {
			isa = XCBuildConfiguration;
			buildSettings = {
				ASSETCATALOG_COMPILER_APPICON_NAME = AppIcon;
				CLANG_ENABLE_MODULES = YES;
				FRAMEWORK_SEARCH_PATHS = (
					"$(inherited)",
					"$(PROJECT_DIR)/Secure",
					your,
					"Iphone/parse-library-1-2",
					"$(PROJECT_DIR)",
					"$(PROJECT_DIR)/Secure",
					your,
					"Iphone/parse-library",
					"/Users/janusbrochmols/Downloads/parse-library-1-3",
					"$(PROJECT_DIR)/Secure",
					your,
					"Iphone/parse-library-1-3",
					"$(PROJECT_DIR)/Secure",
					your,
					Iphone,
				);
				INFOPLIST_FILE = "Secure your Iphone/Info.plist";
				LD_RUNPATH_SEARCH_PATHS = "$(inherited) @executable_path/Frameworks";
				LIBRARY_SEARCH_PATHS = (
					"$(inherited)",
					"$(PROJECT_DIR)",
					"$(PROJECT_DIR)/Secure",
					your,
					Iphone,
				);
				PRODUCT_NAME = "$(TARGET_NAME)";
				SWIFT_OBJC_BRIDGING_HEADER = "Secure your Iphone/Secure your Iphone-Bridging-Header.h";
			};
			name = Release;
		};
/* End XCBuildConfiguration section */

/* Begin XCConfigurationList section */
		6177A5CD1B07949D006C1661 /* Build configuration list for PBXProject "Secure your Iphone" */ = {
			isa = XCConfigurationList;
			buildConfigurations = (
				6177A5F21B07949D006C1661 /* Debug */,
				6177A5F31B07949D006C1661 /* Release */,
			);
			defaultConfigurationIsVisible = 0;
			defaultConfigurationName = Release;
		};
		6177A5F41B07949D006C1661 /* Build configuration list for PBXNativeTarget "Secure your Iphone" */ = {
			isa = XCConfigurationList;
			buildConfigurations = (
				6177A5F51B07949D006C1661 /* Debug */,
				6177A5F61B07949D006C1661 /* Release */,
			);
			defaultConfigurationIsVisible = 0;
			defaultConfigurationName = Release;
		};
/* End XCConfigurationList section */

/* Begin XCVersionGroup section */
		6177A5D91B07949D006C1661 /* Secure_your_Iphone.xcdatamodeld */ = {
			isa = XCVersionGroup;
			children = (
				6177A5DA1B07949D006C1661 /* Secure_your_Iphone.xcdatamodel */,
			);
			currentVersion = 6177A5DA1B07949D006C1661 /* Secure_your_Iphone.xcdatamodel */;
			path = Secure_your_Iphone.xcdatamodeld;
			sourceTree = "<group>";
			versionGroupType = wrapper.xcdatamodel;
		};
/* End XCVersionGroup section */
	};
	rootObject = 6177A5CA1B07949D006C1661 /* Project object */;
}
